{
    "_readme": [
        "This file locks the dependencies of your project to a known state",
        "Read more about it at https://getcomposer.org/doc/01-basic-usage.md#composer-lock-the-lock-file",
        "This file is @generated automatically"
    ],
    "hash": "6097273370d9efef6307ba4e2052f3d7",
    "content-hash": "2237cccd4b42c73f227403240d7c6bfd",
    "packages": [
        {
            "name": "geerlingguy/drupal-vm",
            "version": "3.5.2",
            "source": {
                "type": "git",
                "url": "https://github.com/geerlingguy/drupal-vm.git",
                "reference": "ada72e29aa1925a4b256f6ed24bb2591d17b6f88"
            },
            "dist": {
                "type": "zip",
                "url": "https://api.github.com/repos/geerlingguy/drupal-vm/zipball/ada72e29aa1925a4b256f6ed24bb2591d17b6f88",
                "reference": "ada72e29aa1925a4b256f6ed24bb2591d17b6f88",
                "shasum": ""
            },
            "type": "project",
            "notification-url": "https://packagist.org/downloads/",
            "license": [
                "MIT"
            ],
            "authors": [
                {
                    "name": "Jeff Geerling",
                    "homepage": "http://www.jeffgeerling.com"
                },
                {
                    "name": "Oskar Schöldström",
                    "homepage": "http://oxy.fi"
                }
            ],
            "description": "A VM for local Drupal development, built with Vagrant + Ansible",
            "homepage": "https://www.drupalvm.com",
            "keywords": [
                "drupal",
                "vagrant",
                "virtual machine",
                "vm"
            ],
            "time": "2016-11-17 20:59:29"
        }
    ],
    "packages-dev": [],
    "aliases": [],
    "minimum-stability": "stable",
    "stability-flags": [],
    "prefer-stable": false,
    "prefer-lowest": false,
    "platform": [],
    "platform-dev": []
}
